
Microsoft Visual Studio Solution File, Format Version 12.00
# Visual Studio 15
VisualStudioVersion = 15.0.26403.7
MinimumVisualStudioVersion = 10.0.40219.1
Project("{9092AA53-FB77-4645-B42D-1CCCA6BD08BD}") = "Screeps", "Screeps.njsproj", "{BE47EF33-80E9-4596-91A6-4FA593E5560A}"
EndProject
Global
	GlobalSection(SolutionConfigurationPlatforms) = preSolution
		Debug|Any CPU = Debug|Any CPU
		Release|Any CPU = Release|Any CPU
	EndGlobalSection
	GlobalSection(ProjectConfigurationPlatforms) = postSolution
		{BE47EF33-80E9-4596-91A6-4FA593E5560A}.Debug|Any CPU.ActiveCfg = Debug|Any CPU
		{BE47EF33-80E9-4596-91A6-4FA593E5560A}.Debug|Any CPU.Build.0 = Debug|Any CPU
		{BE47EF33-80E9-4596-91A6-4FA593E5560A}.Release|Any CPU.ActiveCfg = Release|Any CPU
		{BE47EF33-80E9-4596-91A6-4FA593E5560A}.Release|Any CPU.Build.0 = Release|Any CPU
	EndGlobalSection
	GlobalSection(SolutionProperties) = preSolution
		HideSolutionNode = FALSE
	EndGlobalSection
EndGlobal
